
Microsoft Visual Studio Solution File, Format Version 12.00
# Visual Studio 15
VisualStudioVersion = 15.0.27130.0
MinimumVisualStudioVersion = 10.0.40219.1
Project("{FAE04EC0-301F-11D3-BF4B-00C04F79EFBC}") = "TypeScriptAST", "TypeScriptAST\TypeScriptAST.csproj", "{7728B98C-9E88-4E6D-8ECD-D51DED278AC2}"
EndProject
Project("{FAE04EC0-301F-11D3-BF4B-00C04F79EFBC}") = "Ng.App", "Ng.App\Ng.App.csproj", "{BF6332FB-3472-434E-AEF8-39F0DA0E2C82}"
EndProject
Project("{FAE04EC0-301F-11D3-BF4B-00C04F79EFBC}") = "Ng.Core", "Ng.Core\Ng.Core.csproj", "{A6535B8C-0A54-4287-952F-0301244F5D86}"
EndProject
Project("{FAE04EC0-301F-11D3-BF4B-00C04F79EFBC}") = "Ng.Tests", "Ng.Tests\Ng.Tests.csproj", "{19021083-3638-4DF7-B0C9-F1E3E0E91145}"
EndProject
Global
	GlobalSection(SolutionConfigurationPlatforms) = preSolution
		Debug|Any CPU = Debug|Any CPU
		Release|Any CPU = Release|Any CPU
	EndGlobalSection
	GlobalSection(ProjectConfigurationPlatforms) = postSolution
		{7728B98C-9E88-4E6D-8ECD-D51DED278AC2}.Debug|Any CPU.ActiveCfg = Debug|Any CPU
		{7728B98C-9E88-4E6D-8ECD-D51DED278AC2}.Debug|Any CPU.Build.0 = Debug|Any CPU
		{7728B98C-9E88-4E6D-8ECD-D51DED278AC2}.Release|Any CPU.ActiveCfg = Release|Any CPU
		{7728B98C-9E88-4E6D-8ECD-D51DED278AC2}.Release|Any CPU.Build.0 = Release|Any CPU
		{BF6332FB-3472-434E-AEF8-39F0DA0E2C82}.Debug|Any CPU.ActiveCfg = Debug|Any CPU
		{BF6332FB-3472-434E-AEF8-39F0DA0E2C82}.Debug|Any CPU.Build.0 = Debug|Any CPU
		{BF6332FB-3472-434E-AEF8-39F0DA0E2C82}.Release|Any CPU.ActiveCfg = Release|Any CPU
		{BF6332FB-3472-434E-AEF8-39F0DA0E2C82}.Release|Any CPU.Build.0 = Release|Any CPU
		{A6535B8C-0A54-4287-952F-0301244F5D86}.Debug|Any CPU.ActiveCfg = Debug|Any CPU
		{A6535B8C-0A54-4287-952F-0301244F5D86}.Debug|Any CPU.Build.0 = Debug|Any CPU
		{A6535B8C-0A54-4287-952F-0301244F5D86}.Release|Any CPU.ActiveCfg = Release|Any CPU
		{A6535B8C-0A54-4287-952F-0301244F5D86}.Release|Any CPU.Build.0 = Release|Any CPU
		{19021083-3638-4DF7-B0C9-F1E3E0E91145}.Debug|Any CPU.ActiveCfg = Debug|Any CPU
		{19021083-3638-4DF7-B0C9-F1E3E0E91145}.Debug|Any CPU.Build.0 = Debug|Any CPU
		{19021083-3638-4DF7-B0C9-F1E3E0E91145}.Release|Any CPU.ActiveCfg = Release|Any CPU
		{19021083-3638-4DF7-B0C9-F1E3E0E91145}.Release|Any CPU.Build.0 = Release|Any CPU
	EndGlobalSection
	GlobalSection(SolutionProperties) = preSolution
		HideSolutionNode = FALSE
	EndGlobalSection
	GlobalSection(ExtensibilityGlobals) = postSolution
		SolutionGuid = {C850FE12-3713-48B9-AF11-E2E7BC859092}
	EndGlobalSection
EndGlobal
